
Microsoft Visual Studio Solution File, Format Version 12.00
# Visual Studio Version 16
VisualStudioVersion = 25.0.1700.0
MinimumVisualStudioVersion = 10.0.40219.1
Project("{FAE04EC0-301F-11D3-BF4B-00C04F79EFBC}") = "Application.API", "Application.API\Application.API.csproj", "{462FE559-47D9-4926-8336-293D9FFE53AB}"
EndProject
Project("{E53339B2-1760-4266-BCC7-CA923CBCF16C}") = "docker-compose", "docker-compose.dcproj", "{44973013-24EC-4C98-8C0A-8E4831E6F12A}"
EndProject
Project("{FAE04EC0-301F-11D3-BF4B-00C04F79EFBC}") = "Application.Domain", "Application.Domain\Application.Domain.csproj", "{C2F0A006-8C50-4991-8A29-F6A0467670D5}"
EndProject
Project("{FAE04EC0-301F-11D3-BF4B-00C04F79EFBC}") = "Application.Infrastructure", "Application.Infrastructure\Application.Infrastructure.csproj", "{DB22F610-42D8-4C10-8446-F1C2517F929C}"
EndProject
Project("{2150E333-8FDC-42A3-9474-1A3956D46DE8}") = "Solution Items", "Solution Items", "{C679A47A-BB4E-45C9-8C00-25E30C2C88B0}"
	ProjectSection(SolutionItems) = preProject
		.editorconfig = .editorconfig
		Readme.md = Readme.md
	EndProjectSection
EndProject
Project("{FAE04EC0-301F-11D3-BF4B-00C04F79EFBC}") = "Application.Test", "Application.Test\Application.Test.csproj", "{E79E439C-C790-417F-92C9-8FFAA9E9A6E9}"
EndProject
Global
	GlobalSection(SolutionConfigurationPlatforms) = preSolution
		Debug|Any CPU = Debug|Any CPU
		Release|Any CPU = Release|Any CPU
	EndGlobalSection
	GlobalSection(ProjectConfigurationPlatforms) = postSolution
		{462FE559-47D9-4926-8336-293D9FFE53AB}.Debug|Any CPU.ActiveCfg = Debug|Any CPU
		{462FE559-47D9-4926-8336-293D9FFE53AB}.Debug|Any CPU.Build.0 = Debug|Any CPU
		{462FE559-47D9-4926-8336-293D9FFE53AB}.Release|Any CPU.ActiveCfg = Release|Any CPU
		{462FE559-47D9-4926-8336-293D9FFE53AB}.Release|Any CPU.Build.0 = Release|Any CPU
		{44973013-24EC-4C98-8C0A-8E4831E6F12A}.Debug|Any CPU.ActiveCfg = Debug|Any CPU
		{44973013-24EC-4C98-8C0A-8E4831E6F12A}.Debug|Any CPU.Build.0 = Debug|Any CPU
		{44973013-24EC-4C98-8C0A-8E4831E6F12A}.Release|Any CPU.ActiveCfg = Release|Any CPU
		{44973013-24EC-4C98-8C0A-8E4831E6F12A}.Release|Any CPU.Build.0 = Release|Any CPU
		{C2F0A006-8C50-4991-8A29-F6A0467670D5}.Debug|Any CPU.ActiveCfg = Debug|Any CPU
		{C2F0A006-8C50-4991-8A29-F6A0467670D5}.Debug|Any CPU.Build.0 = Debug|Any CPU
		{C2F0A006-8C50-4991-8A29-F6A0467670D5}.Release|Any CPU.ActiveCfg = Release|Any CPU
		{C2F0A006-8C50-4991-8A29-F6A0467670D5}.Release|Any CPU.Build.0 = Release|Any CPU
		{DB22F610-42D8-4C10-8446-F1C2517F929C}.Debug|Any CPU.ActiveCfg = Debug|Any CPU
		{DB22F610-42D8-4C10-8446-F1C2517F929C}.Debug|Any CPU.Build.0 = Debug|Any CPU
		{DB22F610-42D8-4C10-8446-F1C2517F929C}.Release|Any CPU.ActiveCfg = Release|Any CPU
		{DB22F610-42D8-4C10-8446-F1C2517F929C}.Release|Any CPU.Build.0 = Release|Any CPU
		{E79E439C-C790-417F-92C9-8FFAA9E9A6E9}.Debug|Any CPU.ActiveCfg = Debug|Any CPU
		{E79E439C-C790-417F-92C9-8FFAA9E9A6E9}.Debug|Any CPU.Build.0 = Debug|Any CPU
		{E79E439C-C790-417F-92C9-8FFAA9E9A6E9}.Release|Any CPU.ActiveCfg = Release|Any CPU
		{E79E439C-C790-417F-92C9-8FFAA9E9A6E9}.Release|Any CPU.Build.0 = Release|Any CPU
	EndGlobalSection
	GlobalSection(SolutionProperties) = preSolution
		HideSolutionNode = FALSE
	EndGlobalSection
	GlobalSection(ExtensibilityGlobals) = postSolution
		SolutionGuid = {5E5897EF-6EFC-4053-990A-97739D209E44}
	EndGlobalSection
EndGlobal
